
Microsoft Visual Studio Solution File, Format Version 12.00
# Visual Studio Version 16
VisualStudioVersion = 16.0.29926.136
MinimumVisualStudioVersion = 10.0.40219.1
Project("{FAE04EC0-301F-11D3-BF4B-00C04F79EFBC}") = "CSharpCorePFCursus", "CSharpCorePFCursus\CSharpCorePFCursus.csproj", "{FBA6A1E5-83DB-46F2-BD01-CD5644BBAFCF}"
EndProject
Global
	GlobalSection(SolutionConfigurationPlatforms) = preSolution
		Debug|Any CPU = Debug|Any CPU
		Release|Any CPU = Release|Any CPU
	EndGlobalSection
	GlobalSection(ProjectConfigurationPlatforms) = postSolution
		{FBA6A1E5-83DB-46F2-BD01-CD5644BBAFCF}.Debug|Any CPU.ActiveCfg = Debug|Any CPU
		{FBA6A1E5-83DB-46F2-BD01-CD5644BBAFCF}.Debug|Any CPU.Build.0 = Debug|Any CPU
		{FBA6A1E5-83DB-46F2-BD01-CD5644BBAFCF}.Release|Any CPU.ActiveCfg = Release|Any CPU
		{FBA6A1E5-83DB-46F2-BD01-CD5644BBAFCF}.Release|Any CPU.Build.0 = Release|Any CPU
	EndGlobalSection
	GlobalSection(SolutionProperties) = preSolution
		HideSolutionNode = FALSE
	EndGlobalSection
	GlobalSection(ExtensibilityGlobals) = postSolution
		SolutionGuid = {9DE49C52-5B4A-43A8-82EE-B8B6374CE768}
	EndGlobalSection
EndGlobal
